
Microsoft Visual Studio Solution File, Format Version 12.00
# Visual Studio Version 17
VisualStudioVersion = 17.2.32630.192
MinimumVisualStudioVersion = 10.0.40219.1
Project("{8BC9CEB8-8B4A-11D0-8D11-00A0C91BC942}") = "lexical-analyzer", "lexical-analyzer\lexical-analyzer.vcxproj", "{D757F3FE-9F9D-4195-8E63-82AF07C53704}"
EndProject
Global
	GlobalSection(SolutionConfigurationPlatforms) = preSolution
		Debug|x64 = Debug|x64
		Debug|x86 = Debug|x86
		Release|x64 = Release|x64
		Release|x86 = Release|x86
	EndGlobalSection
	GlobalSection(ProjectConfigurationPlatforms) = postSolution
		{D757F3FE-9F9D-4195-8E63-82AF07C53704}.Debug|x64.ActiveCfg = Debug|x64
		{D757F3FE-9F9D-4195-8E63-82AF07C53704}.Debug|x64.Build.0 = Debug|x64
		{D757F3FE-9F9D-4195-8E63-82AF07C53704}.Debug|x86.ActiveCfg = Debug|Win32
		{D757F3FE-9F9D-4195-8E63-82AF07C53704}.Debug|x86.Build.0 = Debug|Win32
		{D757F3FE-9F9D-4195-8E63-82AF07C53704}.Release|x64.ActiveCfg = Release|x64
		{D757F3FE-9F9D-4195-8E63-82AF07C53704}.Release|x64.Build.0 = Release|x64
		{D757F3FE-9F9D-4195-8E63-82AF07C53704}.Release|x86.ActiveCfg = Release|Win32
		{D757F3FE-9F9D-4195-8E63-82AF07C53704}.Release|x86.Build.0 = Release|Win32
	EndGlobalSection
	GlobalSection(SolutionProperties) = preSolution
		HideSolutionNode = FALSE
	EndGlobalSection
	GlobalSection(ExtensibilityGlobals) = postSolution
		SolutionGuid = {3E9F0254-3B20-4117-9CCC-70A6C0C9224A}
	EndGlobalSection
EndGlobal
